
Microsoft Visual Studio Solution File, Format Version 12.00
# Visual Studio 2013
VisualStudioVersion = 12.0.21005.1
MinimumVisualStudioVersion = 10.0.40219.1
Project("{FAE04EC0-301F-11D3-BF4B-00C04F79EFBC}") = "WebAplikacija", "WebAplikacija\WebAplikacija.csproj", "{417E0249-172F-4692-B04F-C43CAE0E5BF0}"
EndProject
Project("{FAE04EC0-301F-11D3-BF4B-00C04F79EFBC}") = "SpendingsBL", "SpendingsBL\SpendingsBL.csproj", "{796AF1DC-FCFD-4DA6-A7AA-3BD477EB2D99}"
EndProject
Project("{FAE04EC0-301F-11D3-BF4B-00C04F79EFBC}") = "SpendingsDAL", "SpendingsDAL\SpendingsDAL.csproj", "{FA5B3799-3E18-47DA-B128-E7F92FB684E9}"
EndProject
Project("{FAE04EC0-301F-11D3-BF4B-00C04F79EFBC}") = "ConsoleTest", "ConsoleTest\ConsoleTest.csproj", "{1F9302EB-B184-485A-B8A8-4B742743178C}"
EndProject
Project("{FAE04EC0-301F-11D3-BF4B-00C04F79EFBC}") = "SpendingTest", "SpendingTest\SpendingTest.csproj", "{331F95CA-3225-4521-81C8-3E88531F1EF6}"
EndProject
Global
	GlobalSection(SolutionConfigurationPlatforms) = preSolution
		Debug|Any CPU = Debug|Any CPU
		Release|Any CPU = Release|Any CPU
	EndGlobalSection
	GlobalSection(ProjectConfigurationPlatforms) = postSolution
		{417E0249-172F-4692-B04F-C43CAE0E5BF0}.Debug|Any CPU.ActiveCfg = Debug|Any CPU
		{417E0249-172F-4692-B04F-C43CAE0E5BF0}.Debug|Any CPU.Build.0 = Debug|Any CPU
		{417E0249-172F-4692-B04F-C43CAE0E5BF0}.Release|Any CPU.ActiveCfg = Release|Any CPU
		{417E0249-172F-4692-B04F-C43CAE0E5BF0}.Release|Any CPU.Build.0 = Release|Any CPU
		{796AF1DC-FCFD-4DA6-A7AA-3BD477EB2D99}.Debug|Any CPU.ActiveCfg = Debug|Any CPU
		{796AF1DC-FCFD-4DA6-A7AA-3BD477EB2D99}.Debug|Any CPU.Build.0 = Debug|Any CPU
		{796AF1DC-FCFD-4DA6-A7AA-3BD477EB2D99}.Release|Any CPU.ActiveCfg = Release|Any CPU
		{796AF1DC-FCFD-4DA6-A7AA-3BD477EB2D99}.Release|Any CPU.Build.0 = Release|Any CPU
		{FA5B3799-3E18-47DA-B128-E7F92FB684E9}.Debug|Any CPU.ActiveCfg = Debug|Any CPU
		{FA5B3799-3E18-47DA-B128-E7F92FB684E9}.Debug|Any CPU.Build.0 = Debug|Any CPU
		{FA5B3799-3E18-47DA-B128-E7F92FB684E9}.Release|Any CPU.ActiveCfg = Release|Any CPU
		{FA5B3799-3E18-47DA-B128-E7F92FB684E9}.Release|Any CPU.Build.0 = Release|Any CPU
		{1F9302EB-B184-485A-B8A8-4B742743178C}.Debug|Any CPU.ActiveCfg = Debug|Any CPU
		{1F9302EB-B184-485A-B8A8-4B742743178C}.Debug|Any CPU.Build.0 = Debug|Any CPU
		{1F9302EB-B184-485A-B8A8-4B742743178C}.Release|Any CPU.ActiveCfg = Release|Any CPU
		{1F9302EB-B184-485A-B8A8-4B742743178C}.Release|Any CPU.Build.0 = Release|Any CPU
		{331F95CA-3225-4521-81C8-3E88531F1EF6}.Debug|Any CPU.ActiveCfg = Debug|Any CPU
		{331F95CA-3225-4521-81C8-3E88531F1EF6}.Debug|Any CPU.Build.0 = Debug|Any CPU
		{331F95CA-3225-4521-81C8-3E88531F1EF6}.Release|Any CPU.ActiveCfg = Release|Any CPU
		{331F95CA-3225-4521-81C8-3E88531F1EF6}.Release|Any CPU.Build.0 = Release|Any CPU
	EndGlobalSection
	GlobalSection(SolutionProperties) = preSolution
		HideSolutionNode = FALSE
	EndGlobalSection
EndGlobal
